{
  "name": "producthunt_alexa_skill",
  "version": "1.5.0",
  "lockfileVersion": 1,
  "requires": true,
  "dependencies": {
    "asciify-string": {
      "version": "0.1.1",
      "resolved": "https://registry.npmjs.org/asciify-string/-/asciify-string-0.1.1.tgz",
      "integrity": "sha1-fhcCzQodLHyiwLgeeEo76QSKKd4="
    },
    "ask-sdk-core": {
      "version": "2.7.0",
      "resolved": "https://registry.npmjs.org/ask-sdk-core/-/ask-sdk-core-2.7.0.tgz",
      "integrity": "sha512-XEuoQOH8B+fQqdVRtEeLWtNL46yjKxwIpbXg042ZaCNYwwmJaVmbvmnR5p0UXgKjULqWm1QEXjYL5INQlfrK7w==",
      "requires": {
        "ask-sdk-runtime": "^2.7.0"
      }
    },
    "ask-sdk-model": {
      "version": "1.24.0",
      "resolved": "https://registry.npmjs.org/ask-sdk-model/-/ask-sdk-model-1.24.0.tgz",
      "integrity": "sha512-BetBn99xmh/X23d8KQuM9v6tHJwqbL4qc6u1NWqXDvs9M4fB/jYoJyAIpGg2x3j+K0FXwPHy8wrXovypaIlkgA=="
    },
    "ask-sdk-runtime": {
      "version": "2.7.0",
      "resolved": "https://registry.npmjs.org/ask-sdk-runtime/-/ask-sdk-runtime-2.7.0.tgz",
      "integrity": "sha512-l2YxzibbTc8Ld5Rpy/Kg3oASiCGKHxgbZnKYrywZStlDPF5tEAGpRBhdtVd+yBSRikl/9fgcetb2wMewtoZF2g=="
    },
    "axios": {
      "version": "0.21.1",
      "resolved": "https://registry.npmjs.org/axios/-/axios-0.21.1.tgz",
      "integrity": "sha512-dKQiRHxGD9PPRIUNIWvZhPTPpl1rf/OxTYKsqKUDjBwYylTvV7SjSHJb9ratfyzM6wCdLCOYLzs73qpg5c4iGA==",
      "requires": {
        "follow-redirects": "^1.10.0"
      }
    },
    "emoji-regex": {
      "version": "6.5.1",
      "resolved": "https://registry.npmjs.org/emoji-regex/-/emoji-regex-6.5.1.tgz",
      "integrity": "sha512-PAHp6TxrCy7MGMFidro8uikr+zlJJKJ/Q6mm2ExZ7HwkyR9lSVFfE3kt36qcwa24BQL7y0G9axycGjK1A/0uNQ=="
    },
    "emoji-strip": {
      "version": "1.0.1",
      "resolved": "https://registry.npmjs.org/emoji-strip/-/emoji-strip-1.0.1.tgz",
      "integrity": "sha1-z5OQU1BEEhiIQgrk20NtA6bMRZ0=",
      "requires": {
        "emoji-regex": "^6.1.3"
      }
    },
    "follow-redirects": {
      "version": "1.13.1",
      "resolved": "https://registry.npmjs.org/follow-redirects/-/follow-redirects-1.13.1.tgz",
      "integrity": "sha512-SSG5xmZh1mkPGyKzjZP8zLjltIfpW32Y5QpdNJyjcfGxK3qo3NDDkZOZSFiGn1A6SclQxY9GzEwAHQ3dmYRWpg=="
    },
    "xml-escape": {
      "version": "1.1.0",
      "resolved": "https://registry.npmjs.org/xml-escape/-/xml-escape-1.1.0.tgz",
      "integrity": "sha1-OQTBQ/qOs6ADDsZG0pAqLxtwbEQ="
    }
  }
}
